<?xml version="1.0" encoding="utf-8"?>
<Project ToolsVersion="4.0" xmlns="http://schemas.microsoft.com/developer/msbuild/2003">
  <ItemGroup>
    <Filter Include="소스 파일">
      <UniqueIdentifier>{4FC737F1-C7A5-4376-A066-2A32D752A2FF}</UniqueIdentifier>
      <Extensions>cpp;c;cc;cxx;def;odl;idl;hpj;bat;asm;asmx</Extensions>
    </Filter>
    <Filter Include="헤더 파일">
      <UniqueIdentifier>{93995380-89BD-4b04-88EB-625FBE52EBFB}</UniqueIdentifier>
      <Extensions>h;hpp;hxx;hm;inl;inc;xsd</Extensions>
    </Filter>
    <Filter Include="리소스 파일">
      <UniqueIdentifier>{67DA6AB6-F800-4c08-8B7A-83BB121AAD01}</UniqueIdentifier>
      <Extensions>rc;ico;cur;bmp;dlg;rc2;rct;bin;rgs;gif;jpg;jpeg;jpe;resx;tiff;tif;png;wav</Extensions>
    </Filter>
    <Filter Include="Scene">
      <UniqueIdentifier>{4d232a17-70d2-4e72-b565-929f257b94df}</UniqueIdentifier>
    </Filter>
    <Filter Include="Framework">
      <UniqueIdentifier>{b543ed23-6923-4fc3-ac69-704c3734dd0e}</UniqueIdentifier>
    </Filter>
    <Filter Include="Objects">
      <UniqueIdentifier>{2388ac93-5a29-4074-b833-ad05775e8736}</UniqueIdentifier>
    </Filter>
    <Filter Include="Objects\Monster">
      <UniqueIdentifier>{394ac1bc-a769-48d3-9029-149d194fc168}</UniqueIdentifier>
    </Filter>
    <Filter Include="Objects\Player">
      <UniqueIdentifier>{361a8aca-a952-4608-90bf-c550b5feff67}</UniqueIdentifier>
    </Filter>
    <Filter Include="Objects\etc">
      <UniqueIdentifier>{027e5622-c669-4bcb-8d98-362a7f6ddb01}</UniqueIdentifier>
    </Filter>
  </ItemGroup>
  <ItemGroup>
    <ClCompile Include="GameManager.cpp">
      <Filter>Framework</Filter>
    </ClCompile>
    <ClCompile Include="IngameState.cpp">
      <Filter>Scene</Filter>
    </ClCompile>
    <ClCompile Include="main.cpp">
      <Filter>Framework</Filter>
    </ClCompile>
    <ClCompile Include="TitleState.cpp">
      <Filter>Scene</Filter>
    </ClCompile>
    <ClCompile Include="Character.cpp">
      <Filter>Objects</Filter>
    </ClCompile>
    <ClCompile Include="DynamicObject.cpp">
      <Filter>Objects</Filter>
    </ClCompile>
    <ClCompile Include="GameObject.cpp">
      <Filter>Objects</Filter>
    </ClCompile>
    <ClCompile Include="StaticObject.cpp">
      <Filter>Objects</Filter>
    </ClCompile>
    <ClCompile Include="Player.cpp">
      <Filter>Objects\Player</Filter>
    </ClCompile>
    <ClCompile Include="WarriorPlayer.cpp">
      <Filter>Objects\Player</Filter>
    </ClCompile>
    <ClCompile Include="Monster.cpp">
      <Filter>Objects\Monster</Filter>
    </ClCompile>
    <ClCompile Include="WarriorPlayerState.cpp">
      <Filter>Objects\Player</Filter>
    </ClCompile>
    <ClCompile Include="PlayInfoStatus.cpp">
      <Filter>Objects\etc</Filter>
    </ClCompile>
    <ClCompile Include="WarZombie.cpp">
      <Filter>Objects\Monster</Filter>
    </ClCompile>
    <ClCompile Include="WarZombieState.cpp">
      <Filter>Objects\Monster</Filter>
    </ClCompile>
    <ClCompile Include="common.cpp">
      <Filter>소스 파일</Filter>
    </ClCompile>
    <ClCompile Include="AbsorbMarble.cpp">
      <Filter>Objects\etc</Filter>
    </ClCompile>
    <ClCompile Include="GameOverState.cpp">
      <Filter>Scene</Filter>
    </ClCompile>
  </ItemGroup>
  <ItemGroup>
    <CustomBuild Include="resource.zip">
      <Filter>리소스 파일</Filter>
    </CustomBuild>
    <CustomBuild Include="plugins_d.cfg">
      <Filter>리소스 파일</Filter>
    </CustomBuild>
    <CustomBuild Include="plugins.cfg">
      <Filter>리소스 파일</Filter>
    </CustomBuild>
  </ItemGroup>
  <ItemGroup>
    <ClInclude Include="common.h">
      <Filter>헤더 파일</Filter>
    </ClInclude>
    <ClInclude Include="GameManager.h">
      <Filter>Framework</Filter>
    </ClInclude>
    <ClInclude Include="GameState.h">
      <Filter>Framework</Filter>
    </ClInclude>
    <ClInclude Include="IngameState.h">
      <Filter>Scene</Filter>
    </ClInclude>
    <ClInclude Include="TitleState.h">
      <Filter>Scene</Filter>
    </ClInclude>
    <ClInclude Include="FSM.h">
      <Filter>Framework</Filter>
    </ClInclude>
    <ClInclude Include="DynamicObject.h">
      <Filter>Objects</Filter>
    </ClInclude>
    <ClInclude Include="GameObject.h">
      <Filter>Objects</Filter>
    </ClInclude>
    <ClInclude Include="ObjectList.h">
      <Filter>Objects</Filter>
    </ClInclude>
    <ClInclude Include="StaticObject.h">
      <Filter>Objects</Filter>
    </ClInclude>
    <ClInclude Include="Character.h">
      <Filter>Objects</Filter>
    </ClInclude>
    <ClInclude Include="Player.h">
      <Filter>Objects\Player</Filter>
    </ClInclude>
    <ClInclude Include="WarriorPlayer.h">
      <Filter>Objects\Player</Filter>
    </ClInclude>
    <ClInclude Include="Monster.h">
      <Filter>Objects\Monster</Filter>
    </ClInclude>
    <ClInclude Include="WarriorPlayerState.h">
      <Filter>Objects\Player</Filter>
    </ClInclude>
    <ClInclude Include="PlayInfoStatus.h">
      <Filter>Objects\etc</Filter>
    </ClInclude>
    <ClInclude Include="WarZombie.h">
      <Filter>Objects\Monster</Filter>
    </ClInclude>
    <ClInclude Include="WarZombieState.h">
      <Filter>Objects\Monster</Filter>
    </ClInclude>
    <ClInclude Include="AbsorbMarble.h">
      <Filter>Objects\etc</Filter>
    </ClInclude>
    <ClInclude Include="GameOverState.h">
      <Filter>Scene</Filter>
    </ClInclude>
  </ItemGroup>
  <ItemGroup>
    <None Include="Title.overlay">
      <Filter>리소스 파일</Filter>
    </None>
    <None Include="UI.overlay">
      <Filter>리소스 파일</Filter>
    </None>
    <None Include="GameOver.overlay">
      <Filter>리소스 파일</Filter>
    </None>
  </ItemGroup>
</Project>